// !$*UTF8*$!
{
	archiveVersion = 1;
	classes = {
	};
	objectVersion = 50;
	objects = {

/* Begin PBXBuildFile section */
		902FB0D42347B80F00C0CE0B /* AppDelegate.swift in Sources */ = {isa = PBXBuildFile; fileRef = 902FB0D32347B80F00C0CE0B /* AppDelegate.swift */; };
		902FB0D62347B80F00C0CE0B /* SceneDelegate.swift in Sources */ = {isa = PBXBuildFile; fileRef = 902FB0D52347B80F00C0CE0B /* SceneDelegate.swift */; };
		902FB0D82347B80F00C0CE0B /* ViewController.swift in Sources */ = {isa = PBXBuildFile; fileRef = 902FB0D72347B80F00C0CE0B /* ViewController.swift */; };
		902FB0DB2347B80F00C0CE0B /* Main.storyboard in Resources */ = {isa = PBXBuildFile; fileRef = 902FB0D92347B80F00C0CE0B /* Main.storyboard */; };
		902FB0DD2347B81000C0CE0B /* Assets.xcassets in Resources */ = {isa = PBXBuildFile; fileRef = 902FB0DC2347B81000C0CE0B /* Assets.xcassets */; };
		902FB0E02347B81000C0CE0B /* LaunchScreen.storyboard in Resources */ = {isa = PBXBuildFile; fileRef = 902FB0DE2347B81000C0CE0B /* LaunchScreen.storyboard */; };
		90A0B303234CFB7D00875216 /* ViewControllerFindArea.swift in Sources */ = {isa = PBXBuildFile; fileRef = 90A0B302234CFB7D00875216 /* ViewControllerFindArea.swift */; };
/* End PBXBuildFile section */

/* Begin PBXFileReference section */
		902FB0D02347B80F00C0CE0B /* multiplyColaborate.app */ = {isa = PBXFileReference; explicitFileType = wrapper.application; includeInIndex = 0; path = multiplyColaborate.app; sourceTree = BUILT_PRODUCTS_DIR; };
		902FB0D32347B80F00C0CE0B /* AppDelegate.swift */ = {isa = PBXFileReference; lastKnownFileType = sourcecode.swift; path = AppDelegate.swift; sourceTree = "<group>"; };
		902FB0D52347B80F00C0CE0B /* SceneDelegate.swift */ = {isa = PBXFileReference; lastKnownFileType = sourcecode.swift; path = SceneDelegate.swift; sourceTree = "<group>"; };
		902FB0D72347B80F00C0CE0B /* ViewController.swift */ = {isa = PBXFileReference; lastKnownFileType = sourcecode.swift; path = ViewController.swift; sourceTree = "<group>"; };
		902FB0DA2347B80F00C0CE0B /* Base */ = {isa = PBXFileReference; lastKnownFileType = file.storyboard; name = Base; path = Base.lproj/Main.storyboard; sourceTree = "<group>"; };
		902FB0DC2347B81000C0CE0B /* Assets.xcassets */ = {isa = PBXFileReference; lastKnownFileType = folder.assetcatalog; path = Assets.xcassets; sourceTree = "<group>"; };
		902FB0DF2347B81000C0CE0B /* Base */ = {isa = PBXFileReference; lastKnownFileType = file.storyboard; name = Base; path = Base.lproj/LaunchScreen.storyboard; sourceTree = "<group>"; };
		902FB0E12347B81000C0CE0B /* Info.plist */ = {isa = PBXFileReference; lastKnownFileType = text.plist.xml; path = Info.plist; sourceTree = "<group>"; };
		90A0B302234CFB7D00875216 /* ViewControllerFindArea.swift */ = {isa = PBXFileReference; lastKnownFileType = sourcecode.swift; path = ViewControllerFindArea.swift; sourceTree = "<group>"; };
/* End PBXFileReference section */

/* Begin PBXFrameworksBuildPhase section */
		902FB0CD2347B80F00C0CE0B /* Frameworks */ = {
			isa = PBXFrameworksBuildPhase;
			buildActionMask = 2147483647;
			files = (
			);
			runOnlyForDeploymentPostprocessing = 0;
		};
/* End PBXFrameworksBuildPhase section */

/* Begin PBXGroup section */
		902FB0C72347B80F00C0CE0B = {
			isa = PBXGroup;
			children = (
				902FB0D22347B80F00C0CE0B /* multiplyColaborate */,
				902FB0D12347B80F00C0CE0B /* Products */,
			);
			sourceTree = "<group>";
		};
		902FB0D12347B80F00C0CE0B /* Products */ = {
			isa = PBXGroup;
			children = (
				902FB0D02347B80F00C0CE0B /* multiplyColaborate.app */,
			);
			name = Products;
			sourceTree = "<group>";
		};
		902FB0D22347B80F00C0CE0B /* multiplyColaborate */ = {
			isa = PBXGroup;
			children = (
				902FB0D32347B80F00C0CE0B /* AppDelegate.swift */,
				902FB0D52347B80F00C0CE0B /* SceneDelegate.swift */,
				902FB0D72347B80F00C0CE0B /* ViewController.swift */,
				902FB0D92347B80F00C0CE0B /* Main.storyboard */,
				90A0B302234CFB7D00875216 /* ViewControllerFindArea.swift */,
				902FB0DC2347B81000C0CE0B /* Assets.xcassets */,
				902FB0DE2347B81000C0CE0B /* LaunchScreen.storyboard */,
				902FB0E12347B81000C0CE0B /* Info.plist */,
			);
			path = multiplyColaborate;
			sourceTree = "<group>";
		};
/* End PBXGroup section */

/* Begin PBXNativeTarget section */
		902FB0CF2347B80F00C0CE0B /* multiplyColaborate */ = {
			isa = PBXNativeTarget;
			buildConfigurationList = 902FB0E42347B81000C0CE0B /* Build configuration list for PBXNativeTarget "multiplyColaborate" */;
			buildPhases = (
				902FB0CC2347B80F00C0CE0B /* Sources */,
				902FB0CD2347B80F00C0CE0B /* Frameworks */,
				902FB0CE2347B80F00C0CE0B /* Resources */,
			);
			buildRules = (
			);
			dependencies = (
			);
			name = multiplyColaborate;
			productName = multiplyColaborate;
			productReference = 902FB0D02347B80F00C0CE0B /* multiplyColaborate.app */;
			productType = "com.apple.product-type.application";
		};
/* End PBXNativeTarget section */

/* Begin PBXProject section */
		902FB0C82347B80F00C0CE0B /* Project object */ = {
			isa = PBXProject;
			attributes = {
				LastSwiftUpdateCheck = 1100;
				LastUpgradeCheck = 1100;
				ORGANIZATIONNAME = "JUSTIN VENEGAS";
				TargetAttributes = {
					902FB0CF2347B80F00C0CE0B = {
						CreatedOnToolsVersion = 11.0;
					};
				};
			};
			buildConfigurationList = 902FB0CB2347B80F00C0CE0B /* Build configuration list for PBXProject "multiplyColaborate" */;
			compatibilityVersion = "Xcode 9.3";
			developmentRegion = en;
			hasScannedForEncodings = 0;
			knownRegions = (
				en,
				Base,
			);
			mainGroup = 902FB0C72347B80F00C0CE0B;
			productRefGroup = 902FB0D12347B80F00C0CE0B /* Products */;
			projectDirPath = "";
			projectRoot = "";
			targets = (
				902FB0CF2347B80F00C0CE0B /* multiplyColaborate */,
			);
		};
/* End PBXProject section */

/* Begin PBXResourcesBuildPhase section */
		902FB0CE2347B80F00C0CE0B /* Resources */ = {
			isa = PBXResourcesBuildPhase;
			buildActionMask = 2147483647;
			files = (
				902FB0E02347B81000C0CE0B /* LaunchScreen.storyboard in Resources */,
				902FB0DD2347B81000C0CE0B /* Assets.xcassets in Resources */,
				902FB0DB2347B80F00C0CE0B /* Main.storyboard in Resources */,
			);
			runOnlyForDeploymentPostprocessing = 0;
		};
/* End PBXResourcesBuildPhase section */

/* Begin PBXSourcesBuildPhase section */
		902FB0CC2347B80F00C0CE0B /* Sources */ = {
			isa = PBXSourcesBuildPhase;
			buildActionMask = 2147483647;
			files = (
				90A0B303234CFB7D00875216 /* ViewControllerFindArea.swift in Sources */,
				902FB0D82347B80F00C0CE0B /* ViewController.swift in Sources */,
				902FB0D42347B80F00C0CE0B /* AppDelegate.swift in Sources */,
				902FB0D62347B80F00C0CE0B /* SceneDelegate.swift in Sources */,
			);
			runOnlyForDeploymentPostprocessing = 0;
		};
/* End PBXSourcesBuildPhase section */

/* Begin PBXVariantGroup section */
		902FB0D92347B80F00C0CE0B /* Main.storyboard */ = {
			isa = PBXVariantGroup;
			children = (
				902FB0DA2347B80F00C0CE0B /* Base */,
			);
			name = Main.storyboard;
			sourceTree = "<group>";
		};
		902FB0DE2347B81000C0CE0B /* LaunchScreen.storyboard */ = {
			isa = PBXVariantGroup;
			children = (
				902FB0DF2347B81000C0CE0B /* Base */,
			);
			name = LaunchScreen.storyboard;
			sourceTree = "<group>";
		};
/* End PBXVariantGroup section */

/* Begin XCBuildConfiguration section */
		902FB0E22347B81000C0CE0B /* Debug */ = {
			isa = XCBuildConfiguration;
			buildSettings = {
				ALWAYS_SEARCH_USER_PATHS = NO;
				CLANG_ANALYZER_NONNULL = YES;
				CLANG_ANALYZER_NUMBER_OBJECT_CONVERSION = YES_AGGRESSIVE;
				CLANG_CXX_LANGUAGE_STANDARD = "gnu++14";
				CLANG_CXX_LIBRARY = "libc++";
				CLANG_ENABLE_MODULES = YES;
				CLANG_ENABLE_OBJC_ARC = YES;
				CLANG_ENABLE_OBJC_WEAK = YES;
				CLANG_WARN_BLOCK_CAPTURE_AUTORELEASING = YES;
				CLANG_WARN_BOOL_CONVERSION = YES;
				CLANG_WARN_COMMA = YES;
				CLANG_WARN_CONSTANT_CONVERSION = YES;
				CLANG_WARN_DEPRECATED_OBJC_IMPLEMENTATIONS = YES;
				CLANG_WARN_DIRECT_OBJC_ISA_USAGE = YES_ERROR;
				CLANG_WARN_DOCUMENTATION_COMMENTS = YES;
				CLANG_WARN_EMPTY_BODY = YES;
				CLANG_WARN_ENUM_CONVERSION = YES;
				CLANG_WARN_INFINITE_RECURSION = YES;
				CLANG_WARN_INT_CONVERSION = YES;
				CLANG_WARN_NON_LITERAL_NULL_CONVERSION = YES;
				CLANG_WARN_OBJC_IMPLICIT_RETAIN_SELF = YES;
				CLANG_WARN_OBJC_LITERAL_CONVERSION = YES;
				CLANG_WARN_OBJC_ROOT_CLASS = YES_ERROR;
				CLANG_WARN_RANGE_LOOP_ANALYSIS = YES;
				CLANG_WARN_STRICT_PROTOTYPES = YES;
				CLANG_WARN_SUSPICIOUS_MOVE = YES;
				CLANG_WARN_UNGUARDED_AVAILABILITY = YES_AGGRESSIVE;
				CLANG_WARN_UNREACHABLE_CODE = YES;
				CLANG_WARN__DUPLICATE_METHOD_MATCH = YES;
				COPY_PHASE_STRIP = NO;
				DEBUG_INFORMATION_FORMAT = dwarf;
				ENABLE_STRICT_OBJC_MSGSEND = YES;
				ENABLE_TESTABILITY = YES;
				GCC_C_LANGUAGE_STANDARD = gnu11;
				GCC_DYNAMIC_NO_PIC = NO;
				GCC_NO_COMMON_BLOCKS = YES;
				GCC_OPTIMIZATION_LEVEL = 0;
				GCC_PREPROCESSOR_DEFINITIONS = (
					"DEBUG=1",
					"$(inherited)",
				);
				GCC_WARN_64_TO_32_BIT_CONVERSION = YES;
				GCC_WARN_ABOUT_RETURN_TYPE = YES_ERROR;
				GCC_WARN_UNDECLARED_SELECTOR = YES;
				GCC_WARN_UNINITIALIZED_AUTOS = YES_AGGRESSIVE;
				GCC_WARN_UNUSED_FUNCTION = YES;
				GCC_WARN_UNUSED_VARIABLE = YES;
				IPHONEOS_DEPLOYMENT_TARGET = 13.0;
				MTL_ENABLE_DEBUG_INFO = INCLUDE_SOURCE;
				MTL_FAST_MATH = YES;
				ONLY_ACTIVE_ARCH = YES;
				SDKROOT = iphoneos;
				SWIFT_ACTIVE_COMPILATION_CONDITIONS = DEBUG;
				SWIFT_OPTIMIZATION_LEVEL = "-Onone";
			};
			name = Debug;
		};
		902FB0E32347B81000C0CE0B /* Release */ = {
			isa = XCBuildConfiguration;
			buildSettings = {
				ALWAYS_SEARCH_USER_PATHS = NO;
				CLANG_ANALYZER_NONNULL = YES;
				CLANG_ANALYZER_NUMBER_OBJECT_CONVERSION = YES_AGGRESSIVE;
				CLANG_CXX_LANGUAGE_STANDARD = "gnu++14";
				CLANG_CXX_LIBRARY = "libc++";
				CLANG_ENABLE_MODULES = YES;
				CLANG_ENABLE_OBJC_ARC = YES;
				CLANG_ENABLE_OBJC_WEAK = YES;
				CLANG_WARN_BLOCK_CAPTURE_AUTORELEASING = YES;
				CLANG_WARN_BOOL_CONVERSION = YES;
				CLANG_WARN_COMMA = YES;
				CLANG_WARN_CONSTANT_CONVERSION = YES;
				CLANG_WARN_DEPRECATED_OBJC_IMPLEMENTATIONS = YES;
				CLANG_WARN_DIRECT_OBJC_ISA_USAGE = YES_ERROR;
				CLANG_WARN_DOCUMENTATION_COMMENTS = YES;
				CLANG_WARN_EMPTY_BODY = YES;
				CLANG_WARN_ENUM_CONVERSION = YES;
				CLANG_WARN_INFINITE_RECURSION = YES;
				CLANG_WARN_INT_CONVERSION = YES;
				CLANG_WARN_NON_LITERAL_NULL_CONVERSION = YES;
				CLANG_WARN_OBJC_IMPLICIT_RETAIN_SELF = YES;
				CLANG_WARN_OBJC_LITERAL_CONVERSION = YES;
				CLANG_WARN_OBJC_ROOT_CLASS = YES_ERROR;
				CLANG_WARN_RANGE_LOOP_ANALYSIS = YES;
				CLANG_WARN_STRICT_PROTOTYPES = YES;
				CLANG_WARN_SUSPICIOUS_MOVE = YES;
				CLANG_WARN_UNGUARDED_AVAILABILITY = YES_AGGRESSIVE;
				CLANG_WARN_UNREACHABLE_CODE = YES;
				CLANG_WARN__DUPLICATE_METHOD_MATCH = YES;
				COPY_PHASE_STRIP = NO;
				DEBUG_INFORMATION_FORMAT = "dwarf-with-dsym";
				ENABLE_NS_ASSERTIONS = NO;
				ENABLE_STRICT_OBJC_MSGSEND = YES;
				GCC_C_LANGUAGE_STANDARD = gnu11;
				GCC_NO_COMMON_BLOCKS = YES;
				GCC_WARN_64_TO_32_BIT_CONVERSION = YES;
				GCC_WARN_ABOUT_RETURN_TYPE = YES_ERROR;
				GCC_WARN_UNDECLARED_SELECTOR = YES;
				GCC_WARN_UNINITIALIZED_AUTOS = YES_AGGRESSIVE;
				GCC_WARN_UNUSED_FUNCTION = YES;
				GCC_WARN_UNUSED_VARIABLE = YES;
				IPHONEOS_DEPLOYMENT_TARGET = 13.0;
				MTL_ENABLE_DEBUG_INFO = NO;
				MTL_FAST_MATH = YES;
				SDKROOT = iphoneos;
				SWIFT_COMPILATION_MODE = wholemodule;
				SWIFT_OPTIMIZATION_LEVEL = "-O";
				VALIDATE_PRODUCT = YES;
			};
			name = Release;
		};
		902FB0E52347B81000C0CE0B /* Debug */ = {
			isa = XCBuildConfiguration;
			buildSettings = {
				ASSETCATALOG_COMPILER_APPICON_NAME = AppIcon;
				CODE_SIGN_STYLE = Automatic;
				INFOPLIST_FILE = multiplyColaborate/Info.plist;
				LD_RUNPATH_SEARCH_PATHS = (
					"$(inherited)",
					"@executable_path/Frameworks",
				);
				PRODUCT_BUNDLE_IDENTIFIER = "org.116-rlas.multiplyColaborate";
				PRODUCT_NAME = "$(TARGET_NAME)";
				SWIFT_VERSION = 5.0;
				TARGETED_DEVICE_FAMILY = "1,2";
			};
			name = Debug;
		};
		902FB0E62347B81000C0CE0B /* Release */ = {
			isa = XCBuildConfiguration;
			buildSettings = {
				ASSETCATALOG_COMPILER_APPICON_NAME = AppIcon;
				CODE_SIGN_STYLE = Automatic;
				INFOPLIST_FILE = multiplyColaborate/Info.plist;
				LD_RUNPATH_SEARCH_PATHS = (
					"$(inherited)",
					"@executable_path/Frameworks",
				);
				PRODUCT_BUNDLE_IDENTIFIER = "org.116-rlas.multiplyColaborate";
				PRODUCT_NAME = "$(TARGET_NAME)";
				SWIFT_VERSION = 5.0;
				TARGETED_DEVICE_FAMILY = "1,2";
			};
			name = Release;
		};
/* End XCBuildConfiguration section */

/* Begin XCConfigurationList section */
		902FB0CB2347B80F00C0CE0B /* Build configuration list for PBXProject "multiplyColaborate" */ = {
			isa = XCConfigurationList;
			buildConfigurations = (
				902FB0E22347B81000C0CE0B /* Debug */,
				902FB0E32347B81000C0CE0B /* Release */,
			);
			defaultConfigurationIsVisible = 0;
			defaultConfigurationName = Release;
		};
		902FB0E42347B81000C0CE0B /* Build configuration list for PBXNativeTarget "multiplyColaborate" */ = {
			isa = XCConfigurationList;
			buildConfigurations = (
				902FB0E52347B81000C0CE0B /* Debug */,
				902FB0E62347B81000C0CE0B /* Release */,
			);
			defaultConfigurationIsVisible = 0;
			defaultConfigurationName = Release;
		};
/* End XCConfigurationList section */
	};
	rootObject = 902FB0C82347B80F00C0CE0B /* Project object */;
}
